#
# This file is autogenerated by pip-compile with Python 3.12
# by the following command:
#
#    pip-compile --extra=dev --output-file=requirements.lock --strip-extras pyproject.toml
#
annotated-doc==0.0.4
    # via fastapi
annotated-types==0.7.0
    # via pydantic
anyio==4.12.1
    # via
    #   httpx
    #   starlette
certifi==2026.2.25
    # via
    #   httpcore
    #   httpx
click==8.1.8
    # via uvicorn
fastapi==0.128.1
    # via converge-ui (pyproject.toml)
h11==0.16.0
    # via
    #   httpcore
    #   uvicorn
httpcore==1.0.9
    # via httpx
httpx==0.28.1
    # via converge-ui (pyproject.toml)
idna==3.11
    # via
    #   anyio
    #   httpx
iniconfig==2.3.0
    # via pytest
packaging==26.0
    # via pytest
pluggy==1.6.0
    # via pytest
pydantic==2.12.5
    # via
    #   converge-ui (pyproject.toml)
    #   fastapi
pydantic-core==2.41.5
    # via pydantic
pygments==2.19.2
    # via pytest
pytest==9.0.2
    # via converge-ui (pyproject.toml)
ruff==0.15.4
    # via converge-ui (pyproject.toml)
starlette==0.50.0
    # via fastapi
typing-extensions==4.15.0
    # via
    #   anyio
    #   fastapi
    #   pydantic
    #   pydantic-core
    #   starlette
    #   typing-inspection
typing-inspection==0.4.2
    # via pydantic
uvicorn==0.31.1
    # via converge-ui (pyproject.toml)
